
Microsoft Visual Studio Solution File, Format Version 12.00
# Visual Studio Version 16
VisualStudioVersion = 16.0.30413.136
MinimumVisualStudioVersion = 10.0.40219.1
Project("{FAE04EC0-301F-11D3-BF4B-00C04F79EFBC}") = "LeDuyHieu_1721050702", "LeDuyHieu_1721050702\LeDuyHieu_1721050702.csproj", "{A150A5FA-9929-4870-80FC-C911186F953A}"
EndProject
Global
	GlobalSection(SolutionConfigurationPlatforms) = preSolution
		Debug|Any CPU = Debug|Any CPU
		Release|Any CPU = Release|Any CPU
	EndGlobalSection
	GlobalSection(ProjectConfigurationPlatforms) = postSolution
		{A150A5FA-9929-4870-80FC-C911186F953A}.Debug|Any CPU.ActiveCfg = Debug|Any CPU
		{A150A5FA-9929-4870-80FC-C911186F953A}.Debug|Any CPU.Build.0 = Debug|Any CPU
		{A150A5FA-9929-4870-80FC-C911186F953A}.Release|Any CPU.ActiveCfg = Release|Any CPU
		{A150A5FA-9929-4870-80FC-C911186F953A}.Release|Any CPU.Build.0 = Release|Any CPU
	EndGlobalSection
	GlobalSection(SolutionProperties) = preSolution
		HideSolutionNode = FALSE
	EndGlobalSection
	GlobalSection(ExtensibilityGlobals) = postSolution
		SolutionGuid = {8BD7DB82-2761-41AE-B60B-3D066C7AFBAE}
	EndGlobalSection
EndGlobal
